
Microsoft Visual Studio Solution File, Format Version 12.00
# Visual Studio Version 17
VisualStudioVersion = 17.1.32421.90
MinimumVisualStudioVersion = 10.0.40219.1
Project("{9A19103F-16F7-4668-BE54-9A1E7A4F7556}") = "Ellucian.Generated.BpApi", "Ellucian.Generated.BpApi\Ellucian.Generated.BpApi.csproj", "{58FC33DC-BA0B-48A2-A8D1-DFBFB363BE5B}"
EndProject
Project("{9A19103F-16F7-4668-BE54-9A1E7A4F7556}") = "Ellucian.Generated.Eedm", "Ellucian.Generated.Eedm\Ellucian.Generated.Eedm.csproj", "{37313620-44C1-4529-9F42-75FF1096BCC3}"
EndProject
Project("{2150E333-8FDC-42A3-9474-1A3956D46DE8}") = "SolutionItems", "SolutionItems", "{410D596B-4C88-41D1-8219-6E7AA9AB5ACD}"
	ProjectSection(SolutionItems) = preProject
		.gitignore = .gitignore
	EndProjectSection
EndProject
Global
	GlobalSection(SolutionConfigurationPlatforms) = preSolution
		Debug|Any CPU = Debug|Any CPU
		Release|Any CPU = Release|Any CPU
	EndGlobalSection
	GlobalSection(ProjectConfigurationPlatforms) = postSolution
		{58FC33DC-BA0B-48A2-A8D1-DFBFB363BE5B}.Debug|Any CPU.ActiveCfg = Debug|Any CPU
		{58FC33DC-BA0B-48A2-A8D1-DFBFB363BE5B}.Debug|Any CPU.Build.0 = Debug|Any CPU
		{58FC33DC-BA0B-48A2-A8D1-DFBFB363BE5B}.Release|Any CPU.ActiveCfg = Release|Any CPU
		{58FC33DC-BA0B-48A2-A8D1-DFBFB363BE5B}.Release|Any CPU.Build.0 = Release|Any CPU
		{37313620-44C1-4529-9F42-75FF1096BCC3}.Debug|Any CPU.ActiveCfg = Debug|Any CPU
		{37313620-44C1-4529-9F42-75FF1096BCC3}.Debug|Any CPU.Build.0 = Debug|Any CPU
		{37313620-44C1-4529-9F42-75FF1096BCC3}.Release|Any CPU.ActiveCfg = Release|Any CPU
		{37313620-44C1-4529-9F42-75FF1096BCC3}.Release|Any CPU.Build.0 = Release|Any CPU
	EndGlobalSection
	GlobalSection(SolutionProperties) = preSolution
		HideSolutionNode = FALSE
	EndGlobalSection
	GlobalSection(ExtensibilityGlobals) = postSolution
		SolutionGuid = {A388BDB4-A741-427C-A4FF-E77B07FA56E9}
	EndGlobalSection
EndGlobal
